// !$*UTF8*$!
{
	archiveVersion = 1;
	classes = {
	};
	objectVersion = 51;
	objects = {

/* Begin PBXBuildFile section */
		5243B7BA266CCFCD00F06D9D /* AppDelegate.swift in Sources */ = {isa = PBXBuildFile; fileRef = 5243B7B9266CCFCD00F06D9D /* AppDelegate.swift */; };
		5243B7BC266CCFCD00F06D9D /* SceneDelegate.swift in Sources */ = {isa = PBXBuildFile; fileRef = 5243B7BB266CCFCD00F06D9D /* SceneDelegate.swift */; };
		5243B7C4266CCFCD00F06D9D /* CovidApp.xcdatamodeld in Sources */ = {isa = PBXBuildFile; fileRef = 5243B7C2266CCFCD00F06D9D /* CovidApp.xcdatamodeld */; };
		5243B7C6266CCFD000F06D9D /* Assets.xcassets in Resources */ = {isa = PBXBuildFile; fileRef = 5243B7C5266CCFD000F06D9D /* Assets.xcassets */; };
		5243B7C9266CCFD000F06D9D /* LaunchScreen.storyboard in Resources */ = {isa = PBXBuildFile; fileRef = 5243B7C7266CCFD000F06D9D /* LaunchScreen.storyboard */; };
		5243B7DE266CD94F00F06D9D /* AppCoordinator.swift in Sources */ = {isa = PBXBuildFile; fileRef = 5243B7DD266CD94F00F06D9D /* AppCoordinator.swift */; };
		5243B7E2266CD98700F06D9D /* AppCoordinatorProtocol.swift in Sources */ = {isa = PBXBuildFile; fileRef = 5243B7E1266CD98700F06D9D /* AppCoordinatorProtocol.swift */; };
		5243B7E5266CE13A00F06D9D /* CovidDataViewController.swift in Sources */ = {isa = PBXBuildFile; fileRef = 5243B7E4266CE13A00F06D9D /* CovidDataViewController.swift */; };
		5243B7E8266CE19C00F06D9D /* CovidDataUseCase.swift in Sources */ = {isa = PBXBuildFile; fileRef = 5243B7E7266CE19C00F06D9D /* CovidDataUseCase.swift */; };
		5243B7EC266CE22300F06D9D /* CovidRepository.swift in Sources */ = {isa = PBXBuildFile; fileRef = 5243B7EB266CE22300F06D9D /* CovidRepository.swift */; };
		5243B7F4266CE24D00F06D9D /* CovidRepositoryProtocol.swift in Sources */ = {isa = PBXBuildFile; fileRef = 5243B7F3266CE24D00F06D9D /* CovidRepositoryProtocol.swift */; };
		5243B7FB266CE36400F06D9D /* CovidNetworkServiceProtocol.swift in Sources */ = {isa = PBXBuildFile; fileRef = 5243B7FA266CE36400F06D9D /* CovidNetworkServiceProtocol.swift */; };
		5243B7FF266CE38D00F06D9D /* CovidCoreDataProtocol.swift in Sources */ = {isa = PBXBuildFile; fileRef = 5243B7FE266CE38D00F06D9D /* CovidCoreDataProtocol.swift */; };
		5243B802266CE3D300F06D9D /* CovidCoreDataSource.swift in Sources */ = {isa = PBXBuildFile; fileRef = 5243B801266CE3D300F06D9D /* CovidCoreDataSource.swift */; };
		5243B805266CE44100F06D9D /* CovidNetworkDataSource.swift in Sources */ = {isa = PBXBuildFile; fileRef = 5243B804266CE44100F06D9D /* CovidNetworkDataSource.swift */; };
		5243B809266CEA8F00F06D9D /* CovidDataPresenter.swift in Sources */ = {isa = PBXBuildFile; fileRef = 5243B808266CEA8F00F06D9D /* CovidDataPresenter.swift */; };
		5243B80D266CEE4500F06D9D /* CoreDataStack.swift in Sources */ = {isa = PBXBuildFile; fileRef = 5243B80C266CEE4500F06D9D /* CoreDataStack.swift */; };
		5243B811266CF3C200F06D9D /* RequestError.swift in Sources */ = {isa = PBXBuildFile; fileRef = 5243B810266CF3C200F06D9D /* RequestError.swift */; };
		5243B814266CFB8E00F06D9D /* WorldData.swift in Sources */ = {isa = PBXBuildFile; fileRef = 5243B813266CFB8E00F06D9D /* WorldData.swift */; };
		5243B81E266D05EB00F06D9D /* CovidTableViewCell.swift in Sources */ = {isa = PBXBuildFile; fileRef = 5243B81D266D05EA00F06D9D /* CovidTableViewCell.swift */; };
		5243B822266D091F00F06D9D /* WorldDataViewModel.swift in Sources */ = {isa = PBXBuildFile; fileRef = 5243B821266D091F00F06D9D /* WorldDataViewModel.swift */; };
		A0F900A3B1C49A65AAB3E4AF /* Pods_CovidApp.framework in Frameworks */ = {isa = PBXBuildFile; fileRef = 977AE783D4C2C32993A09D05 /* Pods_CovidApp.framework */; };
/* End PBXBuildFile section */

/* Begin PBXFileReference section */
		1D5B7DE64E41F03938A78222 /* Pods-CovidApp.release.xcconfig */ = {isa = PBXFileReference; includeInIndex = 1; lastKnownFileType = text.xcconfig; name = "Pods-CovidApp.release.xcconfig"; path = "Target Support Files/Pods-CovidApp/Pods-CovidApp.release.xcconfig"; sourceTree = "<group>"; };
		5243B7B6266CCFCD00F06D9D /* CovidApp.app */ = {isa = PBXFileReference; explicitFileType = wrapper.application; includeInIndex = 0; path = CovidApp.app; sourceTree = BUILT_PRODUCTS_DIR; };
		5243B7B9266CCFCD00F06D9D /* AppDelegate.swift */ = {isa = PBXFileReference; lastKnownFileType = sourcecode.swift; path = AppDelegate.swift; sourceTree = "<group>"; };
		5243B7BB266CCFCD00F06D9D /* SceneDelegate.swift */ = {isa = PBXFileReference; lastKnownFileType = sourcecode.swift; path = SceneDelegate.swift; sourceTree = "<group>"; };
		5243B7C3266CCFCD00F06D9D /* CovidApp.xcdatamodel */ = {isa = PBXFileReference; lastKnownFileType = wrapper.xcdatamodel; path = CovidApp.xcdatamodel; sourceTree = "<group>"; };
		5243B7C5266CCFD000F06D9D /* Assets.xcassets */ = {isa = PBXFileReference; lastKnownFileType = folder.assetcatalog; path = Assets.xcassets; sourceTree = "<group>"; };
		5243B7C8266CCFD000F06D9D /* Base */ = {isa = PBXFileReference; lastKnownFileType = file.storyboard; name = Base; path = Base.lproj/LaunchScreen.storyboard; sourceTree = "<group>"; };
		5243B7CA266CCFD000F06D9D /* Info.plist */ = {isa = PBXFileReference; lastKnownFileType = text.plist.xml; path = Info.plist; sourceTree = "<group>"; };
		5243B7DD266CD94F00F06D9D /* AppCoordinator.swift */ = {isa = PBXFileReference; lastKnownFileType = sourcecode.swift; path = AppCoordinator.swift; sourceTree = "<group>"; };
		5243B7E1266CD98700F06D9D /* AppCoordinatorProtocol.swift */ = {isa = PBXFileReference; lastKnownFileType = sourcecode.swift; path = AppCoordinatorProtocol.swift; sourceTree = "<group>"; };
		5243B7E4266CE13A00F06D9D /* CovidDataViewController.swift */ = {isa = PBXFileReference; lastKnownFileType = sourcecode.swift; path = CovidDataViewController.swift; sourceTree = "<group>"; };
		5243B7E7266CE19C00F06D9D /* CovidDataUseCase.swift */ = {isa = PBXFileReference; lastKnownFileType = sourcecode.swift; path = CovidDataUseCase.swift; sourceTree = "<group>"; };
		5243B7EB266CE22300F06D9D /* CovidRepository.swift */ = {isa = PBXFileReference; lastKnownFileType = sourcecode.swift; path = CovidRepository.swift; sourceTree = "<group>"; };
		5243B7F3266CE24D00F06D9D /* CovidRepositoryProtocol.swift */ = {isa = PBXFileReference; lastKnownFileType = sourcecode.swift; path = CovidRepositoryProtocol.swift; sourceTree = "<group>"; };
		5243B7FA266CE36400F06D9D /* CovidNetworkServiceProtocol.swift */ = {isa = PBXFileReference; lastKnownFileType = sourcecode.swift; path = CovidNetworkServiceProtocol.swift; sourceTree = "<group>"; };
		5243B7FE266CE38D00F06D9D /* CovidCoreDataProtocol.swift */ = {isa = PBXFileReference; lastKnownFileType = sourcecode.swift; path = CovidCoreDataProtocol.swift; sourceTree = "<group>"; };
		5243B801266CE3D300F06D9D /* CovidCoreDataSource.swift */ = {isa = PBXFileReference; lastKnownFileType = sourcecode.swift; path = CovidCoreDataSource.swift; sourceTree = "<group>"; };
		5243B804266CE44100F06D9D /* CovidNetworkDataSource.swift */ = {isa = PBXFileReference; lastKnownFileType = sourcecode.swift; path = CovidNetworkDataSource.swift; sourceTree = "<group>"; };
		5243B808266CEA8F00F06D9D /* CovidDataPresenter.swift */ = {isa = PBXFileReference; lastKnownFileType = sourcecode.swift; path = CovidDataPresenter.swift; sourceTree = "<group>"; };
		5243B80C266CEE4500F06D9D /* CoreDataStack.swift */ = {isa = PBXFileReference; lastKnownFileType = sourcecode.swift; path = CoreDataStack.swift; sourceTree = "<group>"; };
		5243B810266CF3C200F06D9D /* RequestError.swift */ = {isa = PBXFileReference; lastKnownFileType = sourcecode.swift; path = RequestError.swift; sourceTree = "<group>"; };
		5243B813266CFB8E00F06D9D /* WorldData.swift */ = {isa = PBXFileReference; lastKnownFileType = sourcecode.swift; path = WorldData.swift; sourceTree = "<group>"; };
		5243B81D266D05EA00F06D9D /* CovidTableViewCell.swift */ = {isa = PBXFileReference; lastKnownFileType = sourcecode.swift; path = CovidTableViewCell.swift; sourceTree = "<group>"; };
		5243B821266D091F00F06D9D /* WorldDataViewModel.swift */ = {isa = PBXFileReference; lastKnownFileType = sourcecode.swift; path = WorldDataViewModel.swift; sourceTree = "<group>"; };
		977AE783D4C2C32993A09D05 /* Pods_CovidApp.framework */ = {isa = PBXFileReference; explicitFileType = wrapper.framework; includeInIndex = 0; path = Pods_CovidApp.framework; sourceTree = BUILT_PRODUCTS_DIR; };
		FD621302436BCEFE3DA8B36E /* Pods-CovidApp.debug.xcconfig */ = {isa = PBXFileReference; includeInIndex = 1; lastKnownFileType = text.xcconfig; name = "Pods-CovidApp.debug.xcconfig"; path = "Target Support Files/Pods-CovidApp/Pods-CovidApp.debug.xcconfig"; sourceTree = "<group>"; };
/* End PBXFileReference section */

/* Begin PBXFrameworksBuildPhase section */
		5243B7B3266CCFCD00F06D9D /* Frameworks */ = {
			isa = PBXFrameworksBuildPhase;
			buildActionMask = 2147483647;
			files = (
				A0F900A3B1C49A65AAB3E4AF /* Pods_CovidApp.framework in Frameworks */,
			);
			runOnlyForDeploymentPostprocessing = 0;
		};
/* End PBXFrameworksBuildPhase section */

/* Begin PBXGroup section */
		318D34E2CB400FC59CEB192D /* Frameworks */ = {
			isa = PBXGroup;
			children = (
				977AE783D4C2C32993A09D05 /* Pods_CovidApp.framework */,
			);
			name = Frameworks;
			sourceTree = "<group>";
		};
		3F4F3B9093F3ECD142196DAF /* Pods */ = {
			isa = PBXGroup;
			children = (
				FD621302436BCEFE3DA8B36E /* Pods-CovidApp.debug.xcconfig */,
				1D5B7DE64E41F03938A78222 /* Pods-CovidApp.release.xcconfig */,
			);
			path = Pods;
			sourceTree = "<group>";
		};
		5243B7AD266CCFCD00F06D9D = {
			isa = PBXGroup;
			children = (
				5243B7B8266CCFCD00F06D9D /* CovidApp */,
				5243B7B7266CCFCD00F06D9D /* Products */,
				3F4F3B9093F3ECD142196DAF /* Pods */,
				318D34E2CB400FC59CEB192D /* Frameworks */,
			);
			sourceTree = "<group>";
		};
		5243B7B7266CCFCD00F06D9D /* Products */ = {
			isa = PBXGroup;
			children = (
				5243B7B6266CCFCD00F06D9D /* CovidApp.app */,
			);
			name = Products;
			sourceTree = "<group>";
		};
		5243B7B8266CCFCD00F06D9D /* CovidApp */ = {
			isa = PBXGroup;
			children = (
				5243B7D9266CD8DB00F06D9D /* PresentationLayer */,
				5243B7DA266CD8E400F06D9D /* DomainLayer */,
				5243B7DB266CD8EB00F06D9D /* DataLayer */,
				5243B7B9266CCFCD00F06D9D /* AppDelegate.swift */,
				5243B7BB266CCFCD00F06D9D /* SceneDelegate.swift */,
				5243B7C5266CCFD000F06D9D /* Assets.xcassets */,
				5243B7C7266CCFD000F06D9D /* LaunchScreen.storyboard */,
				5243B7CA266CCFD000F06D9D /* Info.plist */,
			);
			path = CovidApp;
			sourceTree = "<group>";
		};
		5243B7D9266CD8DB00F06D9D /* PresentationLayer */ = {
			isa = PBXGroup;
			children = (
				5243B820266D08F100F06D9D /* ViewModels */,
				5243B807266CE88A00F06D9D /* CovidData */,
				5243B7DC266CD93C00F06D9D /* Coordinators */,
			);
			path = PresentationLayer;
			sourceTree = "<group>";
		};
		5243B7DA266CD8E400F06D9D /* DomainLayer */ = {
			isa = PBXGroup;
			children = (
				5243B7E7266CE19C00F06D9D /* CovidDataUseCase.swift */,
			);
			path = DomainLayer;
			sourceTree = "<group>";
		};
		5243B7DB266CD8EB00F06D9D /* DataLayer */ = {
			isa = PBXGroup;
			children = (
				5243B7F9266CE2E300F06D9D /* Models */,
				5243B7F6266CE2AE00F06D9D /* DataSources */,
				5243B7EA266CE21100F06D9D /* Repository */,
			);
			path = DataLayer;
			sourceTree = "<group>";
		};
		5243B7DC266CD93C00F06D9D /* Coordinators */ = {
			isa = PBXGroup;
			children = (
				5243B7DD266CD94F00F06D9D /* AppCoordinator.swift */,
				5243B7E1266CD98700F06D9D /* AppCoordinatorProtocol.swift */,
			);
			path = Coordinators;
			sourceTree = "<group>";
		};
		5243B7EA266CE21100F06D9D /* Repository */ = {
			isa = PBXGroup;
			children = (
				5243B7EB266CE22300F06D9D /* CovidRepository.swift */,
				5243B7F3266CE24D00F06D9D /* CovidRepositoryProtocol.swift */,
			);
			path = Repository;
			sourceTree = "<group>";
		};
		5243B7F6266CE2AE00F06D9D /* DataSources */ = {
			isa = PBXGroup;
			children = (
				5243B7F8266CE2D300F06D9D /* NetworkDataSource */,
				5243B7F7266CE2CC00F06D9D /* CoreDataSource */,
			);
			path = DataSources;
			sourceTree = "<group>";
		};
		5243B7F7266CE2CC00F06D9D /* CoreDataSource */ = {
			isa = PBXGroup;
			children = (
				5243B7C2266CCFCD00F06D9D /* CovidApp.xcdatamodeld */,
				5243B7FE266CE38D00F06D9D /* CovidCoreDataProtocol.swift */,
				5243B801266CE3D300F06D9D /* CovidCoreDataSource.swift */,
				5243B80C266CEE4500F06D9D /* CoreDataStack.swift */,
			);
			path = CoreDataSource;
			sourceTree = "<group>";
		};
		5243B7F8266CE2D300F06D9D /* NetworkDataSource */ = {
			isa = PBXGroup;
			children = (
				5243B7FA266CE36400F06D9D /* CovidNetworkServiceProtocol.swift */,
				5243B804266CE44100F06D9D /* CovidNetworkDataSource.swift */,
			);
			path = NetworkDataSource;
			sourceTree = "<group>";
		};
		5243B7F9266CE2E300F06D9D /* Models */ = {
			isa = PBXGroup;
			children = (
				5243B810266CF3C200F06D9D /* RequestError.swift */,
				5243B813266CFB8E00F06D9D /* WorldData.swift */,
			);
			path = Models;
			sourceTree = "<group>";
		};
		5243B807266CE88A00F06D9D /* CovidData */ = {
			isa = PBXGroup;
			children = (
				5243B7E4266CE13A00F06D9D /* CovidDataViewController.swift */,
				5243B808266CEA8F00F06D9D /* CovidDataPresenter.swift */,
				5243B81D266D05EA00F06D9D /* CovidTableViewCell.swift */,
			);
			path = CovidData;
			sourceTree = "<group>";
		};
		5243B820266D08F100F06D9D /* ViewModels */ = {
			isa = PBXGroup;
			children = (
				5243B821266D091F00F06D9D /* WorldDataViewModel.swift */,
			);
			path = ViewModels;
			sourceTree = "<group>";
		};
/* End PBXGroup section */

/* Begin PBXNativeTarget section */
		5243B7B5266CCFCD00F06D9D /* CovidApp */ = {
			isa = PBXNativeTarget;
			buildConfigurationList = 5243B7CD266CCFD000F06D9D /* Build configuration list for PBXNativeTarget "CovidApp" */;
			buildPhases = (
				C85C7644F59C880A0BA2B406 /* [CP] Check Pods Manifest.lock */,
				5243B7B2266CCFCD00F06D9D /* Sources */,
				5243B7B3266CCFCD00F06D9D /* Frameworks */,
				5243B7B4266CCFCD00F06D9D /* Resources */,
				3F2EDED66F26F451842FE049 /* [CP] Embed Pods Frameworks */,
			);
			buildRules = (
			);
			dependencies = (
			);
			name = CovidApp;
			productName = CovidApp;
			productReference = 5243B7B6266CCFCD00F06D9D /* CovidApp.app */;
			productType = "com.apple.product-type.application";
		};
/* End PBXNativeTarget section */

/* Begin PBXProject section */
		5243B7AE266CCFCD00F06D9D /* Project object */ = {
			isa = PBXProject;
			attributes = {
				LastSwiftUpdateCheck = 1240;
				LastUpgradeCheck = 1240;
				TargetAttributes = {
					5243B7B5266CCFCD00F06D9D = {
						CreatedOnToolsVersion = 12.4;
					};
				};
			};
			buildConfigurationList = 5243B7B1266CCFCD00F06D9D /* Build configuration list for PBXProject "CovidApp" */;
			compatibilityVersion = "Xcode 9.3";
			developmentRegion = en;
			hasScannedForEncodings = 0;
			knownRegions = (
				en,
				Base,
			);
			mainGroup = 5243B7AD266CCFCD00F06D9D;
			productRefGroup = 5243B7B7266CCFCD00F06D9D /* Products */;
			projectDirPath = "";
			projectRoot = "";
			targets = (
				5243B7B5266CCFCD00F06D9D /* CovidApp */,
			);
		};
/* End PBXProject section */

/* Begin PBXResourcesBuildPhase section */
		5243B7B4266CCFCD00F06D9D /* Resources */ = {
			isa = PBXResourcesBuildPhase;
			buildActionMask = 2147483647;
			files = (
				5243B7C9266CCFD000F06D9D /* LaunchScreen.storyboard in Resources */,
				5243B7C6266CCFD000F06D9D /* Assets.xcassets in Resources */,
			);
			runOnlyForDeploymentPostprocessing = 0;
		};
/* End PBXResourcesBuildPhase section */

/* Begin PBXShellScriptBuildPhase section */
		3F2EDED66F26F451842FE049 /* [CP] Embed Pods Frameworks */ = {
			isa = PBXShellScriptBuildPhase;
			buildActionMask = 2147483647;
			files = (
			);
			inputFileListPaths = (
				"${PODS_ROOT}/Target Support Files/Pods-CovidApp/Pods-CovidApp-frameworks-${CONFIGURATION}-input-files.xcfilelist",
			);
			name = "[CP] Embed Pods Frameworks";
			outputFileListPaths = (
				"${PODS_ROOT}/Target Support Files/Pods-CovidApp/Pods-CovidApp-frameworks-${CONFIGURATION}-output-files.xcfilelist",
			);
			runOnlyForDeploymentPostprocessing = 0;
			shellPath = /bin/sh;
			shellScript = "\"${PODS_ROOT}/Target Support Files/Pods-CovidApp/Pods-CovidApp-frameworks.sh\"\n";
			showEnvVarsInLog = 0;
		};
		C85C7644F59C880A0BA2B406 /* [CP] Check Pods Manifest.lock */ = {
			isa = PBXShellScriptBuildPhase;
			buildActionMask = 2147483647;
			files = (
			);
			inputFileListPaths = (
			);
			inputPaths = (
				"${PODS_PODFILE_DIR_PATH}/Podfile.lock",
				"${PODS_ROOT}/Manifest.lock",
			);
			name = "[CP] Check Pods Manifest.lock";
			outputFileListPaths = (
			);
			outputPaths = (
				"$(DERIVED_FILE_DIR)/Pods-CovidApp-checkManifestLockResult.txt",
			);
			runOnlyForDeploymentPostprocessing = 0;
			shellPath = /bin/sh;
			shellScript = "diff \"${PODS_PODFILE_DIR_PATH}/Podfile.lock\" \"${PODS_ROOT}/Manifest.lock\" > /dev/null\nif [ $? != 0 ] ; then\n    # print error to STDERR\n    echo \"error: The sandbox is not in sync with the Podfile.lock. Run 'pod install' or update your CocoaPods installation.\" >&2\n    exit 1\nfi\n# This output is used by Xcode 'outputs' to avoid re-running this script phase.\necho \"SUCCESS\" > \"${SCRIPT_OUTPUT_FILE_0}\"\n";
			showEnvVarsInLog = 0;
		};
/* End PBXShellScriptBuildPhase section */

/* Begin PBXSourcesBuildPhase section */
		5243B7B2266CCFCD00F06D9D /* Sources */ = {
			isa = PBXSourcesBuildPhase;
			buildActionMask = 2147483647;
			files = (
				5243B811266CF3C200F06D9D /* RequestError.swift in Sources */,
				5243B80D266CEE4500F06D9D /* CoreDataStack.swift in Sources */,
				5243B7FB266CE36400F06D9D /* CovidNetworkServiceProtocol.swift in Sources */,
				5243B802266CE3D300F06D9D /* CovidCoreDataSource.swift in Sources */,
				5243B822266D091F00F06D9D /* WorldDataViewModel.swift in Sources */,
				5243B805266CE44100F06D9D /* CovidNetworkDataSource.swift in Sources */,
				5243B7E5266CE13A00F06D9D /* CovidDataViewController.swift in Sources */,
				5243B7FF266CE38D00F06D9D /* CovidCoreDataProtocol.swift in Sources */,
				5243B7DE266CD94F00F06D9D /* AppCoordinator.swift in Sources */,
				5243B7BA266CCFCD00F06D9D /* AppDelegate.swift in Sources */,
				5243B81E266D05EB00F06D9D /* CovidTableViewCell.swift in Sources */,
				5243B7BC266CCFCD00F06D9D /* SceneDelegate.swift in Sources */,
				5243B7F4266CE24D00F06D9D /* CovidRepositoryProtocol.swift in Sources */,
				5243B7E2266CD98700F06D9D /* AppCoordinatorProtocol.swift in Sources */,
				5243B809266CEA8F00F06D9D /* CovidDataPresenter.swift in Sources */,
				5243B7EC266CE22300F06D9D /* CovidRepository.swift in Sources */,
				5243B814266CFB8E00F06D9D /* WorldData.swift in Sources */,
				5243B7C4266CCFCD00F06D9D /* CovidApp.xcdatamodeld in Sources */,
				5243B7E8266CE19C00F06D9D /* CovidDataUseCase.swift in Sources */,
			);
			runOnlyForDeploymentPostprocessing = 0;
		};
/* End PBXSourcesBuildPhase section */

/* Begin PBXVariantGroup section */
		5243B7C7266CCFD000F06D9D /* LaunchScreen.storyboard */ = {
			isa = PBXVariantGroup;
			children = (
				5243B7C8266CCFD000F06D9D /* Base */,
			);
			name = LaunchScreen.storyboard;
			sourceTree = "<group>";
		};
/* End PBXVariantGroup section */

/* Begin XCBuildConfiguration section */
		5243B7CB266CCFD000F06D9D /* Debug */ = {
			isa = XCBuildConfiguration;
			buildSettings = {
				ALWAYS_SEARCH_USER_PATHS = NO;
				CLANG_ANALYZER_NONNULL = YES;
				CLANG_ANALYZER_NUMBER_OBJECT_CONVERSION = YES_AGGRESSIVE;
				CLANG_CXX_LANGUAGE_STANDARD = "gnu++14";
				CLANG_CXX_LIBRARY = "libc++";
				CLANG_ENABLE_MODULES = YES;
				CLANG_ENABLE_OBJC_ARC = YES;
				CLANG_ENABLE_OBJC_WEAK = YES;
				CLANG_WARN_BLOCK_CAPTURE_AUTORELEASING = YES;
				CLANG_WARN_BOOL_CONVERSION = YES;
				CLANG_WARN_COMMA = YES;
				CLANG_WARN_CONSTANT_CONVERSION = YES;
				CLANG_WARN_DEPRECATED_OBJC_IMPLEMENTATIONS = YES;
				CLANG_WARN_DIRECT_OBJC_ISA_USAGE = YES_ERROR;
				CLANG_WARN_DOCUMENTATION_COMMENTS = YES;
				CLANG_WARN_EMPTY_BODY = YES;
				CLANG_WARN_ENUM_CONVERSION = YES;
				CLANG_WARN_INFINITE_RECURSION = YES;
				CLANG_WARN_INT_CONVERSION = YES;
				CLANG_WARN_NON_LITERAL_NULL_CONVERSION = YES;
				CLANG_WARN_OBJC_IMPLICIT_RETAIN_SELF = YES;
				CLANG_WARN_OBJC_LITERAL_CONVERSION = YES;
				CLANG_WARN_OBJC_ROOT_CLASS = YES_ERROR;
				CLANG_WARN_QUOTED_INCLUDE_IN_FRAMEWORK_HEADER = YES;
				CLANG_WARN_RANGE_LOOP_ANALYSIS = YES;
				CLANG_WARN_STRICT_PROTOTYPES = YES;
				CLANG_WARN_SUSPICIOUS_MOVE = YES;
				CLANG_WARN_UNGUARDED_AVAILABILITY = YES_AGGRESSIVE;
				CLANG_WARN_UNREACHABLE_CODE = YES;
				CLANG_WARN__DUPLICATE_METHOD_MATCH = YES;
				COPY_PHASE_STRIP = NO;
				DEBUG_INFORMATION_FORMAT = dwarf;
				ENABLE_STRICT_OBJC_MSGSEND = YES;
				ENABLE_TESTABILITY = YES;
				GCC_C_LANGUAGE_STANDARD = gnu11;
				GCC_DYNAMIC_NO_PIC = NO;
				GCC_NO_COMMON_BLOCKS = YES;
				GCC_OPTIMIZATION_LEVEL = 0;
				GCC_PREPROCESSOR_DEFINITIONS = (
					"DEBUG=1",
					"$(inherited)",
				);
				GCC_WARN_64_TO_32_BIT_CONVERSION = YES;
				GCC_WARN_ABOUT_RETURN_TYPE = YES_ERROR;
				GCC_WARN_UNDECLARED_SELECTOR = YES;
				GCC_WARN_UNINITIALIZED_AUTOS = YES_AGGRESSIVE;
				GCC_WARN_UNUSED_FUNCTION = YES;
				GCC_WARN_UNUSED_VARIABLE = YES;
				IPHONEOS_DEPLOYMENT_TARGET = 14.4;
				MTL_ENABLE_DEBUG_INFO = INCLUDE_SOURCE;
				MTL_FAST_MATH = YES;
				ONLY_ACTIVE_ARCH = YES;
				SDKROOT = iphoneos;
				SWIFT_ACTIVE_COMPILATION_CONDITIONS = DEBUG;
				SWIFT_OPTIMIZATION_LEVEL = "-Onone";
			};
			name = Debug;
		};
		5243B7CC266CCFD000F06D9D /* Release */ = {
			isa = XCBuildConfiguration;
			buildSettings = {
				ALWAYS_SEARCH_USER_PATHS = NO;
				CLANG_ANALYZER_NONNULL = YES;
				CLANG_ANALYZER_NUMBER_OBJECT_CONVERSION = YES_AGGRESSIVE;
				CLANG_CXX_LANGUAGE_STANDARD = "gnu++14";
				CLANG_CXX_LIBRARY = "libc++";
				CLANG_ENABLE_MODULES = YES;
				CLANG_ENABLE_OBJC_ARC = YES;
				CLANG_ENABLE_OBJC_WEAK = YES;
				CLANG_WARN_BLOCK_CAPTURE_AUTORELEASING = YES;
				CLANG_WARN_BOOL_CONVERSION = YES;
				CLANG_WARN_COMMA = YES;
				CLANG_WARN_CONSTANT_CONVERSION = YES;
				CLANG_WARN_DEPRECATED_OBJC_IMPLEMENTATIONS = YES;
				CLANG_WARN_DIRECT_OBJC_ISA_USAGE = YES_ERROR;
				CLANG_WARN_DOCUMENTATION_COMMENTS = YES;
				CLANG_WARN_EMPTY_BODY = YES;
				CLANG_WARN_ENUM_CONVERSION = YES;
				CLANG_WARN_INFINITE_RECURSION = YES;
				CLANG_WARN_INT_CONVERSION = YES;
				CLANG_WARN_NON_LITERAL_NULL_CONVERSION = YES;
				CLANG_WARN_OBJC_IMPLICIT_RETAIN_SELF = YES;
				CLANG_WARN_OBJC_LITERAL_CONVERSION = YES;
				CLANG_WARN_OBJC_ROOT_CLASS = YES_ERROR;
				CLANG_WARN_QUOTED_INCLUDE_IN_FRAMEWORK_HEADER = YES;
				CLANG_WARN_RANGE_LOOP_ANALYSIS = YES;
				CLANG_WARN_STRICT_PROTOTYPES = YES;
				CLANG_WARN_SUSPICIOUS_MOVE = YES;
				CLANG_WARN_UNGUARDED_AVAILABILITY = YES_AGGRESSIVE;
				CLANG_WARN_UNREACHABLE_CODE = YES;
				CLANG_WARN__DUPLICATE_METHOD_MATCH = YES;
				COPY_PHASE_STRIP = NO;
				DEBUG_INFORMATION_FORMAT = "dwarf-with-dsym";
				ENABLE_NS_ASSERTIONS = NO;
				ENABLE_STRICT_OBJC_MSGSEND = YES;
				GCC_C_LANGUAGE_STANDARD = gnu11;
				GCC_NO_COMMON_BLOCKS = YES;
				GCC_WARN_64_TO_32_BIT_CONVERSION = YES;
				GCC_WARN_ABOUT_RETURN_TYPE = YES_ERROR;
				GCC_WARN_UNDECLARED_SELECTOR = YES;
				GCC_WARN_UNINITIALIZED_AUTOS = YES_AGGRESSIVE;
				GCC_WARN_UNUSED_FUNCTION = YES;
				GCC_WARN_UNUSED_VARIABLE = YES;
				IPHONEOS_DEPLOYMENT_TARGET = 14.4;
				MTL_ENABLE_DEBUG_INFO = NO;
				MTL_FAST_MATH = YES;
				SDKROOT = iphoneos;
				SWIFT_COMPILATION_MODE = wholemodule;
				SWIFT_OPTIMIZATION_LEVEL = "-O";
				VALIDATE_PRODUCT = YES;
			};
			name = Release;
		};
		5243B7CE266CCFD000F06D9D /* Debug */ = {
			isa = XCBuildConfiguration;
			baseConfigurationReference = FD621302436BCEFE3DA8B36E /* Pods-CovidApp.debug.xcconfig */;
			buildSettings = {
				ASSETCATALOG_COMPILER_APPICON_NAME = AppIcon;
				ASSETCATALOG_COMPILER_GLOBAL_ACCENT_COLOR_NAME = AccentColor;
				CODE_SIGN_STYLE = Automatic;
				INFOPLIST_FILE = CovidApp/Info.plist;
				LD_RUNPATH_SEARCH_PATHS = (
					"$(inherited)",
					"@executable_path/Frameworks",
				);
				PRODUCT_BUNDLE_IDENTIFIER = hr.fer.projekt.CovidApp;
				PRODUCT_NAME = "$(TARGET_NAME)";
				SWIFT_VERSION = 5.0;
				TARGETED_DEVICE_FAMILY = "1,2";
			};
			name = Debug;
		};
		5243B7CF266CCFD000F06D9D /* Release */ = {
			isa = XCBuildConfiguration;
			baseConfigurationReference = 1D5B7DE64E41F03938A78222 /* Pods-CovidApp.release.xcconfig */;
			buildSettings = {
				ASSETCATALOG_COMPILER_APPICON_NAME = AppIcon;
				ASSETCATALOG_COMPILER_GLOBAL_ACCENT_COLOR_NAME = AccentColor;
				CODE_SIGN_STYLE = Automatic;
				INFOPLIST_FILE = CovidApp/Info.plist;
				LD_RUNPATH_SEARCH_PATHS = (
					"$(inherited)",
					"@executable_path/Frameworks",
				);
				PRODUCT_BUNDLE_IDENTIFIER = hr.fer.projekt.CovidApp;
				PRODUCT_NAME = "$(TARGET_NAME)";
				SWIFT_VERSION = 5.0;
				TARGETED_DEVICE_FAMILY = "1,2";
			};
			name = Release;
		};
/* End XCBuildConfiguration section */

/* Begin XCConfigurationList section */
		5243B7B1266CCFCD00F06D9D /* Build configuration list for PBXProject "CovidApp" */ = {
			isa = XCConfigurationList;
			buildConfigurations = (
				5243B7CB266CCFD000F06D9D /* Debug */,
				5243B7CC266CCFD000F06D9D /* Release */,
			);
			defaultConfigurationIsVisible = 0;
			defaultConfigurationName = Release;
		};
		5243B7CD266CCFD000F06D9D /* Build configuration list for PBXNativeTarget "CovidApp" */ = {
			isa = XCConfigurationList;
			buildConfigurations = (
				5243B7CE266CCFD000F06D9D /* Debug */,
				5243B7CF266CCFD000F06D9D /* Release */,
			);
			defaultConfigurationIsVisible = 0;
			defaultConfigurationName = Release;
		};
/* End XCConfigurationList section */

/* Begin XCVersionGroup section */
		5243B7C2266CCFCD00F06D9D /* CovidApp.xcdatamodeld */ = {
			isa = XCVersionGroup;
			children = (
				5243B7C3266CCFCD00F06D9D /* CovidApp.xcdatamodel */,
			);
			currentVersion = 5243B7C3266CCFCD00F06D9D /* CovidApp.xcdatamodel */;
			path = CovidApp.xcdatamodeld;
			sourceTree = "<group>";
			versionGroupType = wrapper.xcdatamodel;
		};
/* End XCVersionGroup section */
	};
	rootObject = 5243B7AE266CCFCD00F06D9D /* Project object */;
}
